
Microsoft Visual Studio Solution File, Format Version 12.00
# Visual Studio Version 17
VisualStudioVersion = 17.14.36811.4
MinimumVisualStudioVersion = 10.0.40219.1
Project("{FAE04EC0-301F-11D3-BF4B-00C04F79EFBC}") = "MN_Maintenance.WebAPI", "Services\Maintenance\MN_Maintenance.WebAPI.csproj", "{E4EE1A9C-8BD2-9169-8E15-9ACF0ED4C771}"
EndProject
Project("{FAE04EC0-301F-11D3-BF4B-00C04F79EFBC}") = "MN_ApiGateWay", "Services\MN_ApiGateWay\MN_ApiGateWay.csproj", "{114DA9AF-FD7B-0D55-E9A4-A9764DD0E216}"
EndProject
Project("{2150E333-8FDC-42A3-9474-1A3956D46DE8}") = "Services", "Services", "{02EA681E-C7D8-13C7-8484-4AC65E1B71E8}"
EndProject
Project("{2150E333-8FDC-42A3-9474-1A3956D46DE8}") = "Applications", "Applications", "{1C44E567-EB95-49DD-9732-32A60920D866}"
EndProject
Project("{2150E333-8FDC-42A3-9474-1A3956D46DE8}") = "VehicleInventory", "VehicleInventory", "{BEB8F5CA-A884-4420-ACED-CC8858629A0D}"
EndProject
Project("{FAE04EC0-301F-11D3-BF4B-00C04F79EFBC}") = "MN_VehicleInventory.Application", "Services\VehicleInventory\MN_VehicleInventory.Application\MN_VehicleInventory.Application.csproj", "{AE885811-6604-E5A1-A978-68AAEE9C4AFB}"
EndProject
Project("{FAE04EC0-301F-11D3-BF4B-00C04F79EFBC}") = "MN_VehicleInventory.Domain", "Services\VehicleInventory\MN_VehicleInventory.Domain\MN_VehicleInventory.Domain.csproj", "{73024430-38E6-85A9-369D-1487B386D992}"
EndProject
Project("{FAE04EC0-301F-11D3-BF4B-00C04F79EFBC}") = "MN_VehicleInventory.Infrastructure", "Services\VehicleInventory\MN_VehicleInventory.Infrastructure\MN_VehicleInventory.Infrastructure.csproj", "{8F82F1ED-2FC4-F24E-1347-654F0D4D8FB1}"
EndProject
Project("{FAE04EC0-301F-11D3-BF4B-00C04F79EFBC}") = "MN_VehicleInventory.Shared", "Services\VehicleInventory\MN_VehicleInventory.Shared\MN_VehicleInventory.Shared.csproj", "{69749E27-82EA-42DC-34E3-166A2DF4BDDA}"
EndProject
Project("{FAE04EC0-301F-11D3-BF4B-00C04F79EFBC}") = "CarRentals", "Applications\CarRentals\CarRentals\CarRentals.csproj", "{6620D25F-CBF9-41EA-A887-CCD2D059C471}"
EndProject
Project("{FAE04EC0-301F-11D3-BF4B-00C04F79EFBC}") = "MN_VehicleInventory.WebAPI", "Services\MN_VehicleInventory.WebAPI\MN_VehicleInventory.WebAPI.csproj", "{F53D9BC5-E34E-556D-D8A1-A367956C6255}"
EndProject
Global
	GlobalSection(SolutionConfigurationPlatforms) = preSolution
		Debug|Any CPU = Debug|Any CPU
		Debug|x64 = Debug|x64
		Debug|x86 = Debug|x86
		Release|Any CPU = Release|Any CPU
		Release|x64 = Release|x64
		Release|x86 = Release|x86
	EndGlobalSection
	GlobalSection(ProjectConfigurationPlatforms) = postSolution
		{E4EE1A9C-8BD2-9169-8E15-9ACF0ED4C771}.Debug|Any CPU.ActiveCfg = Debug|Any CPU
		{E4EE1A9C-8BD2-9169-8E15-9ACF0ED4C771}.Debug|Any CPU.Build.0 = Debug|Any CPU
		{E4EE1A9C-8BD2-9169-8E15-9ACF0ED4C771}.Debug|x64.ActiveCfg = Debug|Any CPU
		{E4EE1A9C-8BD2-9169-8E15-9ACF0ED4C771}.Debug|x64.Build.0 = Debug|Any CPU
		{E4EE1A9C-8BD2-9169-8E15-9ACF0ED4C771}.Debug|x86.ActiveCfg = Debug|Any CPU
		{E4EE1A9C-8BD2-9169-8E15-9ACF0ED4C771}.Debug|x86.Build.0 = Debug|Any CPU
		{E4EE1A9C-8BD2-9169-8E15-9ACF0ED4C771}.Release|Any CPU.ActiveCfg = Release|Any CPU
		{E4EE1A9C-8BD2-9169-8E15-9ACF0ED4C771}.Release|Any CPU.Build.0 = Release|Any CPU
		{E4EE1A9C-8BD2-9169-8E15-9ACF0ED4C771}.Release|x64.ActiveCfg = Release|Any CPU
		{E4EE1A9C-8BD2-9169-8E15-9ACF0ED4C771}.Release|x64.Build.0 = Release|Any CPU
		{E4EE1A9C-8BD2-9169-8E15-9ACF0ED4C771}.Release|x86.ActiveCfg = Release|Any CPU
		{E4EE1A9C-8BD2-9169-8E15-9ACF0ED4C771}.Release|x86.Build.0 = Release|Any CPU
		{114DA9AF-FD7B-0D55-E9A4-A9764DD0E216}.Debug|Any CPU.ActiveCfg = Debug|Any CPU
		{114DA9AF-FD7B-0D55-E9A4-A9764DD0E216}.Debug|Any CPU.Build.0 = Debug|Any CPU
		{114DA9AF-FD7B-0D55-E9A4-A9764DD0E216}.Debug|x64.ActiveCfg = Debug|Any CPU
		{114DA9AF-FD7B-0D55-E9A4-A9764DD0E216}.Debug|x64.Build.0 = Debug|Any CPU
		{114DA9AF-FD7B-0D55-E9A4-A9764DD0E216}.Debug|x86.ActiveCfg = Debug|Any CPU
		{114DA9AF-FD7B-0D55-E9A4-A9764DD0E216}.Debug|x86.Build.0 = Debug|Any CPU
		{114DA9AF-FD7B-0D55-E9A4-A9764DD0E216}.Release|Any CPU.ActiveCfg = Release|Any CPU
		{114DA9AF-FD7B-0D55-E9A4-A9764DD0E216}.Release|Any CPU.Build.0 = Release|Any CPU
		{114DA9AF-FD7B-0D55-E9A4-A9764DD0E216}.Release|x64.ActiveCfg = Release|Any CPU
		{114DA9AF-FD7B-0D55-E9A4-A9764DD0E216}.Release|x64.Build.0 = Release|Any CPU
		{114DA9AF-FD7B-0D55-E9A4-A9764DD0E216}.Release|x86.ActiveCfg = Release|Any CPU
		{114DA9AF-FD7B-0D55-E9A4-A9764DD0E216}.Release|x86.Build.0 = Release|Any CPU
		{AE885811-6604-E5A1-A978-68AAEE9C4AFB}.Debug|Any CPU.ActiveCfg = Debug|Any CPU
		{AE885811-6604-E5A1-A978-68AAEE9C4AFB}.Debug|Any CPU.Build.0 = Debug|Any CPU
		{AE885811-6604-E5A1-A978-68AAEE9C4AFB}.Debug|x64.ActiveCfg = Debug|Any CPU
		{AE885811-6604-E5A1-A978-68AAEE9C4AFB}.Debug|x64.Build.0 = Debug|Any CPU
		{AE885811-6604-E5A1-A978-68AAEE9C4AFB}.Debug|x86.ActiveCfg = Debug|Any CPU
		{AE885811-6604-E5A1-A978-68AAEE9C4AFB}.Debug|x86.Build.0 = Debug|Any CPU
		{AE885811-6604-E5A1-A978-68AAEE9C4AFB}.Release|Any CPU.ActiveCfg = Release|Any CPU
		{AE885811-6604-E5A1-A978-68AAEE9C4AFB}.Release|Any CPU.Build.0 = Release|Any CPU
		{AE885811-6604-E5A1-A978-68AAEE9C4AFB}.Release|x64.ActiveCfg = Release|Any CPU
		{AE885811-6604-E5A1-A978-68AAEE9C4AFB}.Release|x64.Build.0 = Release|Any CPU
		{AE885811-6604-E5A1-A978-68AAEE9C4AFB}.Release|x86.ActiveCfg = Release|Any CPU
		{AE885811-6604-E5A1-A978-68AAEE9C4AFB}.Release|x86.Build.0 = Release|Any CPU
		{73024430-38E6-85A9-369D-1487B386D992}.Debug|Any CPU.ActiveCfg = Debug|Any CPU
		{73024430-38E6-85A9-369D-1487B386D992}.Debug|Any CPU.Build.0 = Debug|Any CPU
		{73024430-38E6-85A9-369D-1487B386D992}.Debug|x64.ActiveCfg = Debug|Any CPU
		{73024430-38E6-85A9-369D-1487B386D992}.Debug|x64.Build.0 = Debug|Any CPU
		{73024430-38E6-85A9-369D-1487B386D992}.Debug|x86.ActiveCfg = Debug|Any CPU
		{73024430-38E6-85A9-369D-1487B386D992}.Debug|x86.Build.0 = Debug|Any CPU
		{73024430-38E6-85A9-369D-1487B386D992}.Release|Any CPU.ActiveCfg = Release|Any CPU
		{73024430-38E6-85A9-369D-1487B386D992}.Release|Any CPU.Build.0 = Release|Any CPU
		{73024430-38E6-85A9-369D-1487B386D992}.Release|x64.ActiveCfg = Release|Any CPU
		{73024430-38E6-85A9-369D-1487B386D992}.Release|x64.Build.0 = Release|Any CPU
		{73024430-38E6-85A9-369D-1487B386D992}.Release|x86.ActiveCfg = Release|Any CPU
		{73024430-38E6-85A9-369D-1487B386D992}.Release|x86.Build.0 = Release|Any CPU
		{8F82F1ED-2FC4-F24E-1347-654F0D4D8FB1}.Debug|Any CPU.ActiveCfg = Debug|Any CPU
		{8F82F1ED-2FC4-F24E-1347-654F0D4D8FB1}.Debug|Any CPU.Build.0 = Debug|Any CPU
		{8F82F1ED-2FC4-F24E-1347-654F0D4D8FB1}.Debug|x64.ActiveCfg = Debug|Any CPU
		{8F82F1ED-2FC4-F24E-1347-654F0D4D8FB1}.Debug|x64.Build.0 = Debug|Any CPU
		{8F82F1ED-2FC4-F24E-1347-654F0D4D8FB1}.Debug|x86.ActiveCfg = Debug|Any CPU
		{8F82F1ED-2FC4-F24E-1347-654F0D4D8FB1}.Debug|x86.Build.0 = Debug|Any CPU
		{8F82F1ED-2FC4-F24E-1347-654F0D4D8FB1}.Release|Any CPU.ActiveCfg = Release|Any CPU
		{8F82F1ED-2FC4-F24E-1347-654F0D4D8FB1}.Release|Any CPU.Build.0 = Release|Any CPU
		{8F82F1ED-2FC4-F24E-1347-654F0D4D8FB1}.Release|x64.ActiveCfg = Release|Any CPU
		{8F82F1ED-2FC4-F24E-1347-654F0D4D8FB1}.Release|x64.Build.0 = Release|Any CPU
		{8F82F1ED-2FC4-F24E-1347-654F0D4D8FB1}.Release|x86.ActiveCfg = Release|Any CPU
		{8F82F1ED-2FC4-F24E-1347-654F0D4D8FB1}.Release|x86.Build.0 = Release|Any CPU
		{69749E27-82EA-42DC-34E3-166A2DF4BDDA}.Debug|Any CPU.ActiveCfg = Debug|Any CPU
		{69749E27-82EA-42DC-34E3-166A2DF4BDDA}.Debug|Any CPU.Build.0 = Debug|Any CPU
		{69749E27-82EA-42DC-34E3-166A2DF4BDDA}.Debug|x64.ActiveCfg = Debug|Any CPU
		{69749E27-82EA-42DC-34E3-166A2DF4BDDA}.Debug|x64.Build.0 = Debug|Any CPU
		{69749E27-82EA-42DC-34E3-166A2DF4BDDA}.Debug|x86.ActiveCfg = Debug|Any CPU
		{69749E27-82EA-42DC-34E3-166A2DF4BDDA}.Debug|x86.Build.0 = Debug|Any CPU
		{69749E27-82EA-42DC-34E3-166A2DF4BDDA}.Release|Any CPU.ActiveCfg = Release|Any CPU
		{69749E27-82EA-42DC-34E3-166A2DF4BDDA}.Release|Any CPU.Build.0 = Release|Any CPU
		{69749E27-82EA-42DC-34E3-166A2DF4BDDA}.Release|x64.ActiveCfg = Release|Any CPU
		{69749E27-82EA-42DC-34E3-166A2DF4BDDA}.Release|x64.Build.0 = Release|Any CPU
		{69749E27-82EA-42DC-34E3-166A2DF4BDDA}.Release|x86.ActiveCfg = Release|Any CPU
		{69749E27-82EA-42DC-34E3-166A2DF4BDDA}.Release|x86.Build.0 = Release|Any CPU
		{6620D25F-CBF9-41EA-A887-CCD2D059C471}.Debug|Any CPU.ActiveCfg = Debug|Any CPU
		{6620D25F-CBF9-41EA-A887-CCD2D059C471}.Debug|Any CPU.Build.0 = Debug|Any CPU
		{6620D25F-CBF9-41EA-A887-CCD2D059C471}.Debug|x64.ActiveCfg = Debug|Any CPU
		{6620D25F-CBF9-41EA-A887-CCD2D059C471}.Debug|x64.Build.0 = Debug|Any CPU
		{6620D25F-CBF9-41EA-A887-CCD2D059C471}.Debug|x86.ActiveCfg = Debug|Any CPU
		{6620D25F-CBF9-41EA-A887-CCD2D059C471}.Debug|x86.Build.0 = Debug|Any CPU
		{6620D25F-CBF9-41EA-A887-CCD2D059C471}.Release|Any CPU.ActiveCfg = Release|Any CPU
		{6620D25F-CBF9-41EA-A887-CCD2D059C471}.Release|Any CPU.Build.0 = Release|Any CPU
		{6620D25F-CBF9-41EA-A887-CCD2D059C471}.Release|x64.ActiveCfg = Release|Any CPU
		{6620D25F-CBF9-41EA-A887-CCD2D059C471}.Release|x64.Build.0 = Release|Any CPU
		{6620D25F-CBF9-41EA-A887-CCD2D059C471}.Release|x86.ActiveCfg = Release|Any CPU
		{6620D25F-CBF9-41EA-A887-CCD2D059C471}.Release|x86.Build.0 = Release|Any CPU
		{F53D9BC5-E34E-556D-D8A1-A367956C6255}.Debug|Any CPU.ActiveCfg = Debug|Any CPU
		{F53D9BC5-E34E-556D-D8A1-A367956C6255}.Debug|Any CPU.Build.0 = Debug|Any CPU
		{F53D9BC5-E34E-556D-D8A1-A367956C6255}.Debug|x64.ActiveCfg = Debug|Any CPU
		{F53D9BC5-E34E-556D-D8A1-A367956C6255}.Debug|x64.Build.0 = Debug|Any CPU
		{F53D9BC5-E34E-556D-D8A1-A367956C6255}.Debug|x86.ActiveCfg = Debug|Any CPU
		{F53D9BC5-E34E-556D-D8A1-A367956C6255}.Debug|x86.Build.0 = Debug|Any CPU
		{F53D9BC5-E34E-556D-D8A1-A367956C6255}.Release|Any CPU.ActiveCfg = Release|Any CPU
		{F53D9BC5-E34E-556D-D8A1-A367956C6255}.Release|Any CPU.Build.0 = Release|Any CPU
		{F53D9BC5-E34E-556D-D8A1-A367956C6255}.Release|x64.ActiveCfg = Release|Any CPU
		{F53D9BC5-E34E-556D-D8A1-A367956C6255}.Release|x64.Build.0 = Release|Any CPU
		{F53D9BC5-E34E-556D-D8A1-A367956C6255}.Release|x86.ActiveCfg = Release|Any CPU
		{F53D9BC5-E34E-556D-D8A1-A367956C6255}.Release|x86.Build.0 = Release|Any CPU
	EndGlobalSection
	GlobalSection(SolutionProperties) = preSolution
		HideSolutionNode = FALSE
	EndGlobalSection
	GlobalSection(NestedProjects) = preSolution
		{E4EE1A9C-8BD2-9169-8E15-9ACF0ED4C771} = {02EA681E-C7D8-13C7-8484-4AC65E1B71E8}
		{114DA9AF-FD7B-0D55-E9A4-A9764DD0E216} = {02EA681E-C7D8-13C7-8484-4AC65E1B71E8}
		{BEB8F5CA-A884-4420-ACED-CC8858629A0D} = {02EA681E-C7D8-13C7-8484-4AC65E1B71E8}
		{AE885811-6604-E5A1-A978-68AAEE9C4AFB} = {BEB8F5CA-A884-4420-ACED-CC8858629A0D}
		{73024430-38E6-85A9-369D-1487B386D992} = {BEB8F5CA-A884-4420-ACED-CC8858629A0D}
		{8F82F1ED-2FC4-F24E-1347-654F0D4D8FB1} = {BEB8F5CA-A884-4420-ACED-CC8858629A0D}
		{69749E27-82EA-42DC-34E3-166A2DF4BDDA} = {BEB8F5CA-A884-4420-ACED-CC8858629A0D}
		{6620D25F-CBF9-41EA-A887-CCD2D059C471} = {1C44E567-EB95-49DD-9732-32A60920D866}
		{F53D9BC5-E34E-556D-D8A1-A367956C6255} = {02EA681E-C7D8-13C7-8484-4AC65E1B71E8}
	EndGlobalSection
	GlobalSection(ExtensibilityGlobals) = postSolution
		SolutionGuid = {0F73D7FF-E769-4D4D-8260-9FDDED3F68C2}
	EndGlobalSection
EndGlobal
